
Microsoft Visual Studio Solution File, Format Version 12.00
# Visual Studio Version 17
VisualStudioVersion = 17.3.32825.248
MinimumVisualStudioVersion = 10.0.40219.1
Project("{FAE04EC0-301F-11D3-BF4B-00C04F79EFBC}") = "OOP1 uppgift", "OOP1 uppgift\OOP1 uppgift.csproj", "{80EF7571-4A87-475C-8CE4-8B4DD9903688}"
EndProject
Global
	GlobalSection(SolutionConfigurationPlatforms) = preSolution
		Debug|Any CPU = Debug|Any CPU
		Release|Any CPU = Release|Any CPU
	EndGlobalSection
	GlobalSection(ProjectConfigurationPlatforms) = postSolution
		{80EF7571-4A87-475C-8CE4-8B4DD9903688}.Debug|Any CPU.ActiveCfg = Debug|Any CPU
		{80EF7571-4A87-475C-8CE4-8B4DD9903688}.Debug|Any CPU.Build.0 = Debug|Any CPU
		{80EF7571-4A87-475C-8CE4-8B4DD9903688}.Release|Any CPU.ActiveCfg = Release|Any CPU
		{80EF7571-4A87-475C-8CE4-8B4DD9903688}.Release|Any CPU.Build.0 = Release|Any CPU
	EndGlobalSection
	GlobalSection(SolutionProperties) = preSolution
		HideSolutionNode = FALSE
	EndGlobalSection
	GlobalSection(ExtensibilityGlobals) = postSolution
		SolutionGuid = {2527FFCC-0C33-458A-ACD5-FF43FAB9431F}
	EndGlobalSection
EndGlobal
